
Microsoft Visual Studio Solution File, Format Version 12.00
# Visual Studio Version 16
VisualStudioVersion = 16.0.30907.101
MinimumVisualStudioVersion = 10.0.40219.1
Project("{FAE04EC0-301F-11D3-BF4B-00C04F79EFBC}") = "Calculadora", "Calculadora.csproj", "{CCF00518-8EF5-4CBD-823F-380AF01ACA22}"
EndProject
Global
	GlobalSection(SolutionConfigurationPlatforms) = preSolution
		Debug|Any CPU = Debug|Any CPU
		Release|Any CPU = Release|Any CPU
	EndGlobalSection
	GlobalSection(ProjectConfigurationPlatforms) = postSolution
		{CCF00518-8EF5-4CBD-823F-380AF01ACA22}.Debug|Any CPU.ActiveCfg = Debug|Any CPU
		{CCF00518-8EF5-4CBD-823F-380AF01ACA22}.Debug|Any CPU.Build.0 = Debug|Any CPU
		{CCF00518-8EF5-4CBD-823F-380AF01ACA22}.Release|Any CPU.ActiveCfg = Release|Any CPU
		{CCF00518-8EF5-4CBD-823F-380AF01ACA22}.Release|Any CPU.Build.0 = Release|Any CPU
	EndGlobalSection
	GlobalSection(SolutionProperties) = preSolution
		HideSolutionNode = FALSE
	EndGlobalSection
	GlobalSection(ExtensibilityGlobals) = postSolution
		SolutionGuid = {81EF4ED2-8A4B-4021-9F3F-738250BD29C6}
	EndGlobalSection
EndGlobal
